// !$*UTF8*$!
{
	archiveVersion = 1;
	classes = {
	};
	objectVersion = 46;
	objects = {

/* Begin PBXBuildFile section */
		18F2C29B30A3F2A8D4FCD7EB /* Pods_InstaProjectTests.framework in Frameworks */ = {isa = PBXBuildFile; fileRef = D849E78D01CF1DD951CC0B7D /* Pods_InstaProjectTests.framework */; };
		1F6896CD1FD790DF00253CBD /* AppDelegate.swift in Sources */ = {isa = PBXBuildFile; fileRef = 1F6896CC1FD790DF00253CBD /* AppDelegate.swift */; };
		1F6896CF1FD790DF00253CBD /* LoginViewController.swift in Sources */ = {isa = PBXBuildFile; fileRef = 1F6896CE1FD790DF00253CBD /* LoginViewController.swift */; };
		1F6896D21FD790DF00253CBD /* Main.storyboard in Resources */ = {isa = PBXBuildFile; fileRef = 1F6896D01FD790DF00253CBD /* Main.storyboard */; };
		1F6896D41FD790DF00253CBD /* Assets.xcassets in Resources */ = {isa = PBXBuildFile; fileRef = 1F6896D31FD790DF00253CBD /* Assets.xcassets */; };
		1F6896D71FD790DF00253CBD /* LaunchScreen.storyboard in Resources */ = {isa = PBXBuildFile; fileRef = 1F6896D51FD790DF00253CBD /* LaunchScreen.storyboard */; };
		1F6896E21FD790E000253CBD /* InstaProjectTests.swift in Sources */ = {isa = PBXBuildFile; fileRef = 1F6896E11FD790E000253CBD /* InstaProjectTests.swift */; };
		1F6896F11FD8B40B00253CBD /* FeedViewController.swift in Sources */ = {isa = PBXBuildFile; fileRef = 1F6896F01FD8B40B00253CBD /* FeedViewController.swift */; };
		1F6896F31FD8B4BF00253CBD /* CellFeedTableViewCell.swift in Sources */ = {isa = PBXBuildFile; fileRef = 1F6896F21FD8B4BF00253CBD /* CellFeedTableViewCell.swift */; };
		1F6896F71FD8B99F00253CBD /* Post.swift in Sources */ = {isa = PBXBuildFile; fileRef = 1F6896F61FD8B99F00253CBD /* Post.swift */; };
		1F6896F91FD8BA6900253CBD /* NetworkAPI.swift in Sources */ = {isa = PBXBuildFile; fileRef = 1F6896F81FD8BA6900253CBD /* NetworkAPI.swift */; };
		DFDE876F8B2738D3EAE03B67 /* Pods_InstaProject.framework in Frameworks */ = {isa = PBXBuildFile; fileRef = DF286826E0D380FCCB8DBB4D /* Pods_InstaProject.framework */; };
/* End PBXBuildFile section */

/* Begin PBXContainerItemProxy section */
		1F6896DE1FD790E000253CBD /* PBXContainerItemProxy */ = {
			isa = PBXContainerItemProxy;
			containerPortal = 1F6896C11FD790DF00253CBD /* Project object */;
			proxyType = 1;
			remoteGlobalIDString = 1F6896C81FD790DF00253CBD;
			remoteInfo = InstaProject;
		};
/* End PBXContainerItemProxy section */

/* Begin PBXFileReference section */
		1F6896C91FD790DF00253CBD /* InstaProject.app */ = {isa = PBXFileReference; explicitFileType = wrapper.application; includeInIndex = 0; path = InstaProject.app; sourceTree = BUILT_PRODUCTS_DIR; };
		1F6896CC1FD790DF00253CBD /* AppDelegate.swift */ = {isa = PBXFileReference; lastKnownFileType = sourcecode.swift; path = AppDelegate.swift; sourceTree = "<group>"; };
		1F6896CE1FD790DF00253CBD /* LoginViewController.swift */ = {isa = PBXFileReference; lastKnownFileType = sourcecode.swift; path = LoginViewController.swift; sourceTree = "<group>"; };
		1F6896D11FD790DF00253CBD /* Base */ = {isa = PBXFileReference; lastKnownFileType = file.storyboard; name = Base; path = Base.lproj/Main.storyboard; sourceTree = "<group>"; };
		1F6896D31FD790DF00253CBD /* Assets.xcassets */ = {isa = PBXFileReference; lastKnownFileType = folder.assetcatalog; path = Assets.xcassets; sourceTree = "<group>"; };
		1F6896D61FD790DF00253CBD /* Base */ = {isa = PBXFileReference; lastKnownFileType = file.storyboard; name = Base; path = Base.lproj/LaunchScreen.storyboard; sourceTree = "<group>"; };
		1F6896D81FD790E000253CBD /* Info.plist */ = {isa = PBXFileReference; lastKnownFileType = text.plist.xml; path = Info.plist; sourceTree = "<group>"; };
		1F6896DD1FD790E000253CBD /* InstaProjectTests.xctest */ = {isa = PBXFileReference; explicitFileType = wrapper.cfbundle; includeInIndex = 0; path = InstaProjectTests.xctest; sourceTree = BUILT_PRODUCTS_DIR; };
		1F6896E11FD790E000253CBD /* InstaProjectTests.swift */ = {isa = PBXFileReference; lastKnownFileType = sourcecode.swift; path = InstaProjectTests.swift; sourceTree = "<group>"; };
		1F6896E31FD790E000253CBD /* Info.plist */ = {isa = PBXFileReference; lastKnownFileType = text.plist.xml; path = Info.plist; sourceTree = "<group>"; };
		1F6896F01FD8B40B00253CBD /* FeedViewController.swift */ = {isa = PBXFileReference; fileEncoding = 4; lastKnownFileType = sourcecode.swift; path = FeedViewController.swift; sourceTree = "<group>"; };
		1F6896F21FD8B4BF00253CBD /* CellFeedTableViewCell.swift */ = {isa = PBXFileReference; fileEncoding = 4; lastKnownFileType = sourcecode.swift; path = CellFeedTableViewCell.swift; sourceTree = "<group>"; };
		1F6896F61FD8B99F00253CBD /* Post.swift */ = {isa = PBXFileReference; fileEncoding = 4; lastKnownFileType = sourcecode.swift; path = Post.swift; sourceTree = "<group>"; };
		1F6896F81FD8BA6900253CBD /* NetworkAPI.swift */ = {isa = PBXFileReference; fileEncoding = 4; lastKnownFileType = sourcecode.swift; path = NetworkAPI.swift; sourceTree = "<group>"; };
		35FB8B60F65146AA112B1D69 /* Pods-InstaProjectTests.release.xcconfig */ = {isa = PBXFileReference; includeInIndex = 1; lastKnownFileType = text.xcconfig; name = "Pods-InstaProjectTests.release.xcconfig"; path = "Pods/Target Support Files/Pods-InstaProjectTests/Pods-InstaProjectTests.release.xcconfig"; sourceTree = "<group>"; };
		BF6E853BF070DF9BF8EEEF79 /* Pods-InstaProjectTests.debug.xcconfig */ = {isa = PBXFileReference; includeInIndex = 1; lastKnownFileType = text.xcconfig; name = "Pods-InstaProjectTests.debug.xcconfig"; path = "Pods/Target Support Files/Pods-InstaProjectTests/Pods-InstaProjectTests.debug.xcconfig"; sourceTree = "<group>"; };
		C4FEE67D5747DF6BCC000B1C /* Pods-InstaProject.release.xcconfig */ = {isa = PBXFileReference; includeInIndex = 1; lastKnownFileType = text.xcconfig; name = "Pods-InstaProject.release.xcconfig"; path = "Pods/Target Support Files/Pods-InstaProject/Pods-InstaProject.release.xcconfig"; sourceTree = "<group>"; };
		D849E78D01CF1DD951CC0B7D /* Pods_InstaProjectTests.framework */ = {isa = PBXFileReference; explicitFileType = wrapper.framework; includeInIndex = 0; path = Pods_InstaProjectTests.framework; sourceTree = BUILT_PRODUCTS_DIR; };
		DF286826E0D380FCCB8DBB4D /* Pods_InstaProject.framework */ = {isa = PBXFileReference; explicitFileType = wrapper.framework; includeInIndex = 0; path = Pods_InstaProject.framework; sourceTree = BUILT_PRODUCTS_DIR; };
		ECDA734A96F311B6EE9D87EB /* Pods-InstaProject.debug.xcconfig */ = {isa = PBXFileReference; includeInIndex = 1; lastKnownFileType = text.xcconfig; name = "Pods-InstaProject.debug.xcconfig"; path = "Pods/Target Support Files/Pods-InstaProject/Pods-InstaProject.debug.xcconfig"; sourceTree = "<group>"; };
/* End PBXFileReference section */

/* Begin PBXFrameworksBuildPhase section */
		1F6896C61FD790DF00253CBD /* Frameworks */ = {
			isa = PBXFrameworksBuildPhase;
			buildActionMask = 2147483647;
			files = (
				DFDE876F8B2738D3EAE03B67 /* Pods_InstaProject.framework in Frameworks */,
			);
			runOnlyForDeploymentPostprocessing = 0;
		};
		1F6896DA1FD790E000253CBD /* Frameworks */ = {
			isa = PBXFrameworksBuildPhase;
			buildActionMask = 2147483647;
			files = (
				18F2C29B30A3F2A8D4FCD7EB /* Pods_InstaProjectTests.framework in Frameworks */,
			);
			runOnlyForDeploymentPostprocessing = 0;
		};
/* End PBXFrameworksBuildPhase section */

/* Begin PBXGroup section */
		1F6896C01FD790DF00253CBD = {
			isa = PBXGroup;
			children = (
				1F6896CB1FD790DF00253CBD /* InstaProject */,
				1F6896E01FD790E000253CBD /* InstaProjectTests */,
				1F6896CA1FD790DF00253CBD /* Products */,
				829819492430A23788BCFF4C /* Pods */,
				E6702F489C215AC184A8684A /* Frameworks */,
			);
			sourceTree = "<group>";
		};
		1F6896CA1FD790DF00253CBD /* Products */ = {
			isa = PBXGroup;
			children = (
				1F6896C91FD790DF00253CBD /* InstaProject.app */,
				1F6896DD1FD790E000253CBD /* InstaProjectTests.xctest */,
			);
			name = Products;
			sourceTree = "<group>";
		};
		1F6896CB1FD790DF00253CBD /* InstaProject */ = {
			isa = PBXGroup;
			children = (
				1F6896FA1FD8BDBD00253CBD /* Network */,
				1F6896F41FD8B98600253CBD /* Posts */,
				1F6896EF1FD8B3F900253CBD /* HomeFeed */,
				1F6896EE1FD8B27600253CBD /* Login */,
				1F6896CC1FD790DF00253CBD /* AppDelegate.swift */,
				1F6896D01FD790DF00253CBD /* Main.storyboard */,
				1F6896D31FD790DF00253CBD /* Assets.xcassets */,
				1F6896D51FD790DF00253CBD /* LaunchScreen.storyboard */,
				1F6896D81FD790E000253CBD /* Info.plist */,
			);
			path = InstaProject;
			sourceTree = "<group>";
		};
		1F6896E01FD790E000253CBD /* InstaProjectTests */ = {
			isa = PBXGroup;
			children = (
				1F6896E11FD790E000253CBD /* InstaProjectTests.swift */,
				1F6896E31FD790E000253CBD /* Info.plist */,
			);
			path = InstaProjectTests;
			sourceTree = "<group>";
		};
		1F6896EE1FD8B27600253CBD /* Login */ = {
			isa = PBXGroup;
			children = (
				1F6896CE1FD790DF00253CBD /* LoginViewController.swift */,
			);
			name = Login;
			sourceTree = "<group>";
		};
		1F6896EF1FD8B3F900253CBD /* HomeFeed */ = {
			isa = PBXGroup;
			children = (
				1F6896F01FD8B40B00253CBD /* FeedViewController.swift */,
				1F6896F21FD8B4BF00253CBD /* CellFeedTableViewCell.swift */,
			);
			name = HomeFeed;
			sourceTree = "<group>";
		};
		1F6896F41FD8B98600253CBD /* Posts */ = {
			isa = PBXGroup;
			children = (
				1F6896F51FD8B98E00253CBD /* Model */,
			);
			name = Posts;
			sourceTree = "<group>";
		};
		1F6896F51FD8B98E00253CBD /* Model */ = {
			isa = PBXGroup;
			children = (
				1F6896F61FD8B99F00253CBD /* Post.swift */,
			);
			name = Model;
			sourceTree = "<group>";
		};
		1F6896FA1FD8BDBD00253CBD /* Network */ = {
			isa = PBXGroup;
			children = (
				1F6896F81FD8BA6900253CBD /* NetworkAPI.swift */,
			);
			name = Network;
			sourceTree = "<group>";
		};
		829819492430A23788BCFF4C /* Pods */ = {
			isa = PBXGroup;
			children = (
				ECDA734A96F311B6EE9D87EB /* Pods-InstaProject.debug.xcconfig */,
				C4FEE67D5747DF6BCC000B1C /* Pods-InstaProject.release.xcconfig */,
				BF6E853BF070DF9BF8EEEF79 /* Pods-InstaProjectTests.debug.xcconfig */,
				35FB8B60F65146AA112B1D69 /* Pods-InstaProjectTests.release.xcconfig */,
			);
			name = Pods;
			sourceTree = "<group>";
		};
		E6702F489C215AC184A8684A /* Frameworks */ = {
			isa = PBXGroup;
			children = (
				DF286826E0D380FCCB8DBB4D /* Pods_InstaProject.framework */,
				D849E78D01CF1DD951CC0B7D /* Pods_InstaProjectTests.framework */,
			);
			name = Frameworks;
			sourceTree = "<group>";
		};
/* End PBXGroup section */

/* Begin PBXNativeTarget section */
		1F6896C81FD790DF00253CBD /* InstaProject */ = {
			isa = PBXNativeTarget;
			buildConfigurationList = 1F6896E61FD790E000253CBD /* Build configuration list for PBXNativeTarget "InstaProject" */;
			buildPhases = (
				4E34CF0F1827F3B6D5E0FF8E /* [CP] Check Pods Manifest.lock */,
				1F6896C51FD790DF00253CBD /* Sources */,
				1F6896C61FD790DF00253CBD /* Frameworks */,
				1F6896C71FD790DF00253CBD /* Resources */,
				4F0D2ABB9FB8DEB07250F84C /* [CP] Embed Pods Frameworks */,
				FA0A2370504B20A37C501CA7 /* [CP] Copy Pods Resources */,
			);
			buildRules = (
			);
			dependencies = (
			);
			name = InstaProject;
			productName = InstaProject;
			productReference = 1F6896C91FD790DF00253CBD /* InstaProject.app */;
			productType = "com.apple.product-type.application";
		};
		1F6896DC1FD790E000253CBD /* InstaProjectTests */ = {
			isa = PBXNativeTarget;
			buildConfigurationList = 1F6896E91FD790E000253CBD /* Build configuration list for PBXNativeTarget "InstaProjectTests" */;
			buildPhases = (
				E986158452097560F4C0DC19 /* [CP] Check Pods Manifest.lock */,
				1F6896D91FD790E000253CBD /* Sources */,
				1F6896DA1FD790E000253CBD /* Frameworks */,
				1F6896DB1FD790E000253CBD /* Resources */,
				EABBE533B7463C0C91A57FBA /* [CP] Embed Pods Frameworks */,
				28627C909FDCD9A4587E96DA /* [CP] Copy Pods Resources */,
			);
			buildRules = (
			);
			dependencies = (
				1F6896DF1FD790E000253CBD /* PBXTargetDependency */,
			);
			name = InstaProjectTests;
			productName = InstaProjectTests;
			productReference = 1F6896DD1FD790E000253CBD /* InstaProjectTests.xctest */;
			productType = "com.apple.product-type.bundle.unit-test";
		};
/* End PBXNativeTarget section */

/* Begin PBXProject section */
		1F6896C11FD790DF00253CBD /* Project object */ = {
			isa = PBXProject;
			attributes = {
				LastSwiftUpdateCheck = 0820;
				LastUpgradeCheck = 0820;
				ORGANIZATIONNAME = ecproductions;
				TargetAttributes = {
					1F6896C81FD790DF00253CBD = {
						CreatedOnToolsVersion = 8.2;
						ProvisioningStyle = Automatic;
					};
					1F6896DC1FD790E000253CBD = {
						CreatedOnToolsVersion = 8.2;
						ProvisioningStyle = Automatic;
						TestTargetID = 1F6896C81FD790DF00253CBD;
					};
				};
			};
			buildConfigurationList = 1F6896C41FD790DF00253CBD /* Build configuration list for PBXProject "InstaProject" */;
			compatibilityVersion = "Xcode 3.2";
			developmentRegion = English;
			hasScannedForEncodings = 0;
			knownRegions = (
				en,
				Base,
			);
			mainGroup = 1F6896C01FD790DF00253CBD;
			productRefGroup = 1F6896CA1FD790DF00253CBD /* Products */;
			projectDirPath = "";
			projectRoot = "";
			targets = (
				1F6896C81FD790DF00253CBD /* InstaProject */,
				1F6896DC1FD790E000253CBD /* InstaProjectTests */,
			);
		};
/* End PBXProject section */

/* Begin PBXResourcesBuildPhase section */
		1F6896C71FD790DF00253CBD /* Resources */ = {
			isa = PBXResourcesBuildPhase;
			buildActionMask = 2147483647;
			files = (
				1F6896D71FD790DF00253CBD /* LaunchScreen.storyboard in Resources */,
				1F6896D41FD790DF00253CBD /* Assets.xcassets in Resources */,
				1F6896D21FD790DF00253CBD /* Main.storyboard in Resources */,
			);
			runOnlyForDeploymentPostprocessing = 0;
		};
		1F6896DB1FD790E000253CBD /* Resources */ = {
			isa = PBXResourcesBuildPhase;
			buildActionMask = 2147483647;
			files = (
			);
			runOnlyForDeploymentPostprocessing = 0;
		};
/* End PBXResourcesBuildPhase section */

/* Begin PBXShellScriptBuildPhase section */
		28627C909FDCD9A4587E96DA /* [CP] Copy Pods Resources */ = {
			isa = PBXShellScriptBuildPhase;
			buildActionMask = 2147483647;
			files = (
			);
			inputPaths = (
			);
			name = "[CP] Copy Pods Resources";
			outputPaths = (
			);
			runOnlyForDeploymentPostprocessing = 0;
			shellPath = /bin/sh;
			shellScript = "\"${SRCROOT}/Pods/Target Support Files/Pods-InstaProjectTests/Pods-InstaProjectTests-resources.sh\"\n";
			showEnvVarsInLog = 0;
		};
		4E34CF0F1827F3B6D5E0FF8E /* [CP] Check Pods Manifest.lock */ = {
			isa = PBXShellScriptBuildPhase;
			buildActionMask = 2147483647;
			files = (
			);
			inputPaths = (
			);
			name = "[CP] Check Pods Manifest.lock";
			outputPaths = (
			);
			runOnlyForDeploymentPostprocessing = 0;
			shellPath = /bin/sh;
			shellScript = "diff \"${PODS_PODFILE_DIR_PATH}/Podfile.lock\" \"${PODS_ROOT}/Manifest.lock\" > /dev/null\nif [ $? != 0 ] ; then\n    # print error to STDERR\n    echo \"error: The sandbox is not in sync with the Podfile.lock. Run 'pod install' or update your CocoaPods installation.\" >&2\n    exit 1\nfi\n";
			showEnvVarsInLog = 0;
		};
		4F0D2ABB9FB8DEB07250F84C /* [CP] Embed Pods Frameworks */ = {
			isa = PBXShellScriptBuildPhase;
			buildActionMask = 2147483647;
			files = (
			);
			inputPaths = (
			);
			name = "[CP] Embed Pods Frameworks";
			outputPaths = (
			);
			runOnlyForDeploymentPostprocessing = 0;
			shellPath = /bin/sh;
			shellScript = "\"${SRCROOT}/Pods/Target Support Files/Pods-InstaProject/Pods-InstaProject-frameworks.sh\"\n";
			showEnvVarsInLog = 0;
		};
		E986158452097560F4C0DC19 /* [CP] Check Pods Manifest.lock */ = {
			isa = PBXShellScriptBuildPhase;
			buildActionMask = 2147483647;
			files = (
			);
			inputPaths = (
			);
			name = "[CP] Check Pods Manifest.lock";
			outputPaths = (
			);
			runOnlyForDeploymentPostprocessing = 0;
			shellPath = /bin/sh;
			shellScript = "diff \"${PODS_PODFILE_DIR_PATH}/Podfile.lock\" \"${PODS_ROOT}/Manifest.lock\" > /dev/null\nif [ $? != 0 ] ; then\n    # print error to STDERR\n    echo \"error: The sandbox is not in sync with the Podfile.lock. Run 'pod install' or update your CocoaPods installation.\" >&2\n    exit 1\nfi\n";
			showEnvVarsInLog = 0;
		};
		EABBE533B7463C0C91A57FBA /* [CP] Embed Pods Frameworks */ = {
			isa = PBXShellScriptBuildPhase;
			buildActionMask = 2147483647;
			files = (
			);
			inputPaths = (
			);
			name = "[CP] Embed Pods Frameworks";
			outputPaths = (
			);
			runOnlyForDeploymentPostprocessing = 0;
			shellPath = /bin/sh;
			shellScript = "\"${SRCROOT}/Pods/Target Support Files/Pods-InstaProjectTests/Pods-InstaProjectTests-frameworks.sh\"\n";
			showEnvVarsInLog = 0;
		};
		FA0A2370504B20A37C501CA7 /* [CP] Copy Pods Resources */ = {
			isa = PBXShellScriptBuildPhase;
			buildActionMask = 2147483647;
			files = (
			);
			inputPaths = (
			);
			name = "[CP] Copy Pods Resources";
			outputPaths = (
			);
			runOnlyForDeploymentPostprocessing = 0;
			shellPath = /bin/sh;
			shellScript = "\"${SRCROOT}/Pods/Target Support Files/Pods-InstaProject/Pods-InstaProject-resources.sh\"\n";
			showEnvVarsInLog = 0;
		};
/* End PBXShellScriptBuildPhase section */

/* Begin PBXSourcesBuildPhase section */
		1F6896C51FD790DF00253CBD /* Sources */ = {
			isa = PBXSourcesBuildPhase;
			buildActionMask = 2147483647;
			files = (
				1F6896CF1FD790DF00253CBD /* LoginViewController.swift in Sources */,
				1F6896F31FD8B4BF00253CBD /* CellFeedTableViewCell.swift in Sources */,
				1F6896F11FD8B40B00253CBD /* FeedViewController.swift in Sources */,
				1F6896CD1FD790DF00253CBD /* AppDelegate.swift in Sources */,
				1F6896F71FD8B99F00253CBD /* Post.swift in Sources */,
				1F6896F91FD8BA6900253CBD /* NetworkAPI.swift in Sources */,
			);
			runOnlyForDeploymentPostprocessing = 0;
		};
		1F6896D91FD790E000253CBD /* Sources */ = {
			isa = PBXSourcesBuildPhase;
			buildActionMask = 2147483647;
			files = (
				1F6896E21FD790E000253CBD /* InstaProjectTests.swift in Sources */,
			);
			runOnlyForDeploymentPostprocessing = 0;
		};
/* End PBXSourcesBuildPhase section */

/* Begin PBXTargetDependency section */
		1F6896DF1FD790E000253CBD /* PBXTargetDependency */ = {
			isa = PBXTargetDependency;
			target = 1F6896C81FD790DF00253CBD /* InstaProject */;
			targetProxy = 1F6896DE1FD790E000253CBD /* PBXContainerItemProxy */;
		};
/* End PBXTargetDependency section */

/* Begin PBXVariantGroup section */
		1F6896D01FD790DF00253CBD /* Main.storyboard */ = {
			isa = PBXVariantGroup;
			children = (
				1F6896D11FD790DF00253CBD /* Base */,
			);
			name = Main.storyboard;
			sourceTree = "<group>";
		};
		1F6896D51FD790DF00253CBD /* LaunchScreen.storyboard */ = {
			isa = PBXVariantGroup;
			children = (
				1F6896D61FD790DF00253CBD /* Base */,
			);
			name = LaunchScreen.storyboard;
			sourceTree = "<group>";
		};
/* End PBXVariantGroup section */

/* Begin XCBuildConfiguration section */
		1F6896E41FD790E000253CBD /* Debug */ = {
			isa = XCBuildConfiguration;
			buildSettings = {
				ALWAYS_SEARCH_USER_PATHS = NO;
				CLANG_ANALYZER_NONNULL = YES;
				CLANG_CXX_LANGUAGE_STANDARD = "gnu++0x";
				CLANG_CXX_LIBRARY = "libc++";
				CLANG_ENABLE_MODULES = YES;
				CLANG_ENABLE_OBJC_ARC = YES;
				CLANG_WARN_BOOL_CONVERSION = YES;
				CLANG_WARN_CONSTANT_CONVERSION = YES;
				CLANG_WARN_DIRECT_OBJC_ISA_USAGE = YES_ERROR;
				CLANG_WARN_DOCUMENTATION_COMMENTS = YES;
				CLANG_WARN_EMPTY_BODY = YES;
				CLANG_WARN_ENUM_CONVERSION = YES;
				CLANG_WARN_INFINITE_RECURSION = YES;
				CLANG_WARN_INT_CONVERSION = YES;
				CLANG_WARN_OBJC_ROOT_CLASS = YES_ERROR;
				CLANG_WARN_SUSPICIOUS_MOVE = YES;
				CLANG_WARN_UNREACHABLE_CODE = YES;
				CLANG_WARN__DUPLICATE_METHOD_MATCH = YES;
				"CODE_SIGN_IDENTITY[sdk=iphoneos*]" = "iPhone Developer";
				COPY_PHASE_STRIP = NO;
				DEBUG_INFORMATION_FORMAT = dwarf;
				ENABLE_STRICT_OBJC_MSGSEND = YES;
				ENABLE_TESTABILITY = YES;
				GCC_C_LANGUAGE_STANDARD = gnu99;
				GCC_DYNAMIC_NO_PIC = NO;
				GCC_NO_COMMON_BLOCKS = YES;
				GCC_OPTIMIZATION_LEVEL = 0;
				GCC_PREPROCESSOR_DEFINITIONS = (
					"DEBUG=1",
					"$(inherited)",
				);
				GCC_WARN_64_TO_32_BIT_CONVERSION = YES;
				GCC_WARN_ABOUT_RETURN_TYPE = YES_ERROR;
				GCC_WARN_UNDECLARED_SELECTOR = YES;
				GCC_WARN_UNINITIALIZED_AUTOS = YES_AGGRESSIVE;
				GCC_WARN_UNUSED_FUNCTION = YES;
				GCC_WARN_UNUSED_VARIABLE = YES;
				IPHONEOS_DEPLOYMENT_TARGET = 10.2;
				MTL_ENABLE_DEBUG_INFO = YES;
				ONLY_ACTIVE_ARCH = YES;
				SDKROOT = iphoneos;
				SWIFT_ACTIVE_COMPILATION_CONDITIONS = DEBUG;
				SWIFT_OPTIMIZATION_LEVEL = "-Onone";
			};
			name = Debug;
		};
		1F6896E51FD790E000253CBD /* Release */ = {
			isa = XCBuildConfiguration;
			buildSettings = {
				ALWAYS_SEARCH_USER_PATHS = NO;
				CLANG_ANALYZER_NONNULL = YES;
				CLANG_CXX_LANGUAGE_STANDARD = "gnu++0x";
				CLANG_CXX_LIBRARY = "libc++";
				CLANG_ENABLE_MODULES = YES;
				CLANG_ENABLE_OBJC_ARC = YES;
				CLANG_WARN_BOOL_CONVERSION = YES;
				CLANG_WARN_CONSTANT_CONVERSION = YES;
				CLANG_WARN_DIRECT_OBJC_ISA_USAGE = YES_ERROR;
				CLANG_WARN_DOCUMENTATION_COMMENTS = YES;
				CLANG_WARN_EMPTY_BODY = YES;
				CLANG_WARN_ENUM_CONVERSION = YES;
				CLANG_WARN_INFINITE_RECURSION = YES;
				CLANG_WARN_INT_CONVERSION = YES;
				CLANG_WARN_OBJC_ROOT_CLASS = YES_ERROR;
				CLANG_WARN_SUSPICIOUS_MOVE = YES;
				CLANG_WARN_UNREACHABLE_CODE = YES;
				CLANG_WARN__DUPLICATE_METHOD_MATCH = YES;
				"CODE_SIGN_IDENTITY[sdk=iphoneos*]" = "iPhone Developer";
				COPY_PHASE_STRIP = NO;
				DEBUG_INFORMATION_FORMAT = "dwarf-with-dsym";
				ENABLE_NS_ASSERTIONS = NO;
				ENABLE_STRICT_OBJC_MSGSEND = YES;
				GCC_C_LANGUAGE_STANDARD = gnu99;
				GCC_NO_COMMON_BLOCKS = YES;
				GCC_WARN_64_TO_32_BIT_CONVERSION = YES;
				GCC_WARN_ABOUT_RETURN_TYPE = YES_ERROR;
				GCC_WARN_UNDECLARED_SELECTOR = YES;
				GCC_WARN_UNINITIALIZED_AUTOS = YES_AGGRESSIVE;
				GCC_WARN_UNUSED_FUNCTION = YES;
				GCC_WARN_UNUSED_VARIABLE = YES;
				IPHONEOS_DEPLOYMENT_TARGET = 10.2;
				MTL_ENABLE_DEBUG_INFO = NO;
				SDKROOT = iphoneos;
				SWIFT_OPTIMIZATION_LEVEL = "-Owholemodule";
				VALIDATE_PRODUCT = YES;
			};
			name = Release;
		};
		1F6896E71FD790E000253CBD /* Debug */ = {
			isa = XCBuildConfiguration;
			baseConfigurationReference = ECDA734A96F311B6EE9D87EB /* Pods-InstaProject.debug.xcconfig */;
			buildSettings = {
				ASSETCATALOG_COMPILER_APPICON_NAME = AppIcon;
				INFOPLIST_FILE = InstaProject/Info.plist;
				LD_RUNPATH_SEARCH_PATHS = "$(inherited) @executable_path/Frameworks";
				PRODUCT_BUNDLE_IDENTIFIER = com.ecproductions.InstaProject;
				PRODUCT_NAME = "$(TARGET_NAME)";
				SWIFT_VERSION = 3.0;
			};
			name = Debug;
		};
		1F6896E81FD790E000253CBD /* Release */ = {
			isa = XCBuildConfiguration;
			baseConfigurationReference = C4FEE67D5747DF6BCC000B1C /* Pods-InstaProject.release.xcconfig */;
			buildSettings = {
				ASSETCATALOG_COMPILER_APPICON_NAME = AppIcon;
				INFOPLIST_FILE = InstaProject/Info.plist;
				LD_RUNPATH_SEARCH_PATHS = "$(inherited) @executable_path/Frameworks";
				PRODUCT_BUNDLE_IDENTIFIER = com.ecproductions.InstaProject;
				PRODUCT_NAME = "$(TARGET_NAME)";
				SWIFT_VERSION = 3.0;
			};
			name = Release;
		};
		1F6896EA1FD790E000253CBD /* Debug */ = {
			isa = XCBuildConfiguration;
			baseConfigurationReference = BF6E853BF070DF9BF8EEEF79 /* Pods-InstaProjectTests.debug.xcconfig */;
			buildSettings = {
				ALWAYS_EMBED_SWIFT_STANDARD_LIBRARIES = YES;
				BUNDLE_LOADER = "$(TEST_HOST)";
				INFOPLIST_FILE = InstaProjectTests/Info.plist;
				LD_RUNPATH_SEARCH_PATHS = "$(inherited) @executable_path/Frameworks @loader_path/Frameworks";
				PRODUCT_BUNDLE_IDENTIFIER = com.ecproductions.InstaProjectTests;
				PRODUCT_NAME = "$(TARGET_NAME)";
				SWIFT_VERSION = 3.0;
				TEST_HOST = "$(BUILT_PRODUCTS_DIR)/InstaProject.app/InstaProject";
			};
			name = Debug;
		};
		1F6896EB1FD790E000253CBD /* Release */ = {
			isa = XCBuildConfiguration;
			baseConfigurationReference = 35FB8B60F65146AA112B1D69 /* Pods-InstaProjectTests.release.xcconfig */;
			buildSettings = {
				ALWAYS_EMBED_SWIFT_STANDARD_LIBRARIES = YES;
				BUNDLE_LOADER = "$(TEST_HOST)";
				INFOPLIST_FILE = InstaProjectTests/Info.plist;
				LD_RUNPATH_SEARCH_PATHS = "$(inherited) @executable_path/Frameworks @loader_path/Frameworks";
				PRODUCT_BUNDLE_IDENTIFIER = com.ecproductions.InstaProjectTests;
				PRODUCT_NAME = "$(TARGET_NAME)";
				SWIFT_VERSION = 3.0;
				TEST_HOST = "$(BUILT_PRODUCTS_DIR)/InstaProject.app/InstaProject";
			};
			name = Release;
		};
/* End XCBuildConfiguration section */

/* Begin XCConfigurationList section */
		1F6896C41FD790DF00253CBD /* Build configuration list for PBXProject "InstaProject" */ = {
			isa = XCConfigurationList;
			buildConfigurations = (
				1F6896E41FD790E000253CBD /* Debug */,
				1F6896E51FD790E000253CBD /* Release */,
			);
			defaultConfigurationIsVisible = 0;
			defaultConfigurationName = Release;
		};
		1F6896E61FD790E000253CBD /* Build configuration list for PBXNativeTarget "InstaProject" */ = {
			isa = XCConfigurationList;
			buildConfigurations = (
				1F6896E71FD790E000253CBD /* Debug */,
				1F6896E81FD790E000253CBD /* Release */,
			);
			defaultConfigurationIsVisible = 0;
			defaultConfigurationName = Release;
		};
		1F6896E91FD790E000253CBD /* Build configuration list for PBXNativeTarget "InstaProjectTests" */ = {
			isa = XCConfigurationList;
			buildConfigurations = (
				1F6896EA1FD790E000253CBD /* Debug */,
				1F6896EB1FD790E000253CBD /* Release */,
			);
			defaultConfigurationIsVisible = 0;
			defaultConfigurationName = Release;
		};
/* End XCConfigurationList section */
	};
	rootObject = 1F6896C11FD790DF00253CBD /* Project object */;
}
